// !$*UTF8*$!
{
	archiveVersion = 1;
	classes = {
	};
	objectVersion = 55;
	objects = {

/* Begin PBXBuildFile section */
		4E2374B12811C3B7000EB769 /* FlicksApp.swift in Sources */ = {isa = PBXBuildFile; fileRef = 4E2374B02811C3B7000EB769 /* FlicksApp.swift */; };
		4E2374B32811C3B7000EB769 /* MovieListView.swift in Sources */ = {isa = PBXBuildFile; fileRef = 4E2374B22811C3B7000EB769 /* MovieListView.swift */; };
		4E2374B52811C3B9000EB769 /* Assets.xcassets in Resources */ = {isa = PBXBuildFile; fileRef = 4E2374B42811C3B9000EB769 /* Assets.xcassets */; };
		4E2374B82811C3B9000EB769 /* Preview Assets.xcassets in Resources */ = {isa = PBXBuildFile; fileRef = 4E2374B72811C3B9000EB769 /* Preview Assets.xcassets */; };
		4E2374C22811C3B9000EB769 /* FlicksTests.swift in Sources */ = {isa = PBXBuildFile; fileRef = 4E2374C12811C3B9000EB769 /* FlicksTests.swift */; };
		4E2374CC2811C3B9000EB769 /* FlicksUITests.swift in Sources */ = {isa = PBXBuildFile; fileRef = 4E2374CB2811C3B9000EB769 /* FlicksUITests.swift */; };
		4E2374CE2811C3B9000EB769 /* FlicksUITestsLaunchTests.swift in Sources */ = {isa = PBXBuildFile; fileRef = 4E2374CD2811C3B9000EB769 /* FlicksUITestsLaunchTests.swift */; };
		4E2374DB2811C557000EB769 /* README.md in Resources */ = {isa = PBXBuildFile; fileRef = 4E2374DA2811C557000EB769 /* README.md */; };
		4E2374DE2811CE60000EB769 /* NetworkType.swift in Sources */ = {isa = PBXBuildFile; fileRef = 4E2374DD2811CE60000EB769 /* NetworkType.swift */; };
		4E2374E02811CEAD000EB769 /* NetworkError.swift in Sources */ = {isa = PBXBuildFile; fileRef = 4E2374DF2811CEAD000EB769 /* NetworkError.swift */; };
		4E2374E22811CF25000EB769 /* NetworkManager.swift in Sources */ = {isa = PBXBuildFile; fileRef = 4E2374E12811CF25000EB769 /* NetworkManager.swift */; };
		4E55BB58284E3E1C00DC9340 /* MovieDetailsViewModel.swift in Sources */ = {isa = PBXBuildFile; fileRef = 4E55BB57284E3E1C00DC9340 /* MovieDetailsViewModel.swift */; };
		4E55BB5A284E990600DC9340 /* MovieDetailsView.swift in Sources */ = {isa = PBXBuildFile; fileRef = 4E55BB59284E990600DC9340 /* MovieDetailsView.swift */; };
		4E7C4E4C2836AEFB007C05BD /* Movie.swift in Sources */ = {isa = PBXBuildFile; fileRef = 4E7C4E4B2836AEFB007C05BD /* Movie.swift */; };
		4E8655B7284F65BA00FF01DE /* MovieDetailsProtocol.swift in Sources */ = {isa = PBXBuildFile; fileRef = 4E8655B6284F65BA00FF01DE /* MovieDetailsProtocol.swift */; };
		4E8655B9284F736400FF01DE /* MovieDetailsViewDestination.swift in Sources */ = {isa = PBXBuildFile; fileRef = 4E8655B8284F736400FF01DE /* MovieDetailsViewDestination.swift */; };
		4E8DF8202813D06900112F67 /* Endpoint.swift in Sources */ = {isa = PBXBuildFile; fileRef = 4E8DF81F2813D06900112F67 /* Endpoint.swift */; };
		4E8DF8222813D1FD00112F67 /* HTTPRequestMethod.swift in Sources */ = {isa = PBXBuildFile; fileRef = 4E8DF8212813D1FD00112F67 /* HTTPRequestMethod.swift */; };
		4E93F1152816C63B00B6D05A /* MovieListProtocol .swift in Sources */ = {isa = PBXBuildFile; fileRef = 4E93F1142816C63B00B6D05A /* MovieListProtocol .swift */; };
		4E93F1172816C67200B6D05A /* MovieListService.swift in Sources */ = {isa = PBXBuildFile; fileRef = 4E93F1162816C67200B6D05A /* MovieListService.swift */; };
		4E93F1192816C95200B6D05A /* DataType.swift in Sources */ = {isa = PBXBuildFile; fileRef = 4E93F1182816C95200B6D05A /* DataType.swift */; };
		4E93F11B281718BE00B6D05A /* MovieListViewModel.swift in Sources */ = {isa = PBXBuildFile; fileRef = 4E93F11A281718BE00B6D05A /* MovieListViewModel.swift */; };
		4E93F11D28172A0A00B6D05A /* PersistenceController.swift in Sources */ = {isa = PBXBuildFile; fileRef = 4E93F11C28172A0A00B6D05A /* PersistenceController.swift */; };
		4E93F12028172C1C00B6D05A /* MoviesModel_DB.xcdatamodeld in Sources */ = {isa = PBXBuildFile; fileRef = 4E93F11E28172C1C00B6D05A /* MoviesModel_DB.xcdatamodeld */; };
		4EA728422832B51A0037302C /* Movies.swift in Sources */ = {isa = PBXBuildFile; fileRef = 4EA728412832B51A0037302C /* Movies.swift */; };
		4EB1ABAA284CF84500010485 /* OfflineBarView.swift in Sources */ = {isa = PBXBuildFile; fileRef = 4EB1ABA9284CF84500010485 /* OfflineBarView.swift */; };
		4EB1ABAC284CFA6500010485 /* MovieView.swift in Sources */ = {isa = PBXBuildFile; fileRef = 4EB1ABAB284CFA6500010485 /* MovieView.swift */; };
		4EB1ABAE284CFE7A00010485 /* ImageLoader.swift in Sources */ = {isa = PBXBuildFile; fileRef = 4EB1ABAD284CFE7A00010485 /* ImageLoader.swift */; };
		4EB1ABB0284D00B000010485 /* ImageProvider.swift in Sources */ = {isa = PBXBuildFile; fileRef = 4EB1ABAF284D00B000010485 /* ImageProvider.swift */; };
		4EC526DF285487C3006DA250 /* FilterTabView.swift in Sources */ = {isa = PBXBuildFile; fileRef = 4EC526DE285487C3006DA250 /* FilterTabView.swift */; };
		4EC526E12854888D006DA250 /* FilterTabItem.swift in Sources */ = {isa = PBXBuildFile; fileRef = 4EC526E02854888D006DA250 /* FilterTabItem.swift */; };
		4EC526E328548B55006DA250 /* FontExtension.swift in Sources */ = {isa = PBXBuildFile; fileRef = 4EC526E228548B55006DA250 /* FontExtension.swift */; };
		4ED18B912813E200007690E6 /* URLRequest+init..swift in Sources */ = {isa = PBXBuildFile; fileRef = 4ED18B902813E200007690E6 /* URLRequest+init..swift */; };
		4ED18B942813E258007690E6 /* Constants.swift in Sources */ = {isa = PBXBuildFile; fileRef = 4ED18B932813E258007690E6 /* Constants.swift */; };
		4EE3893628368979006BCD80 /* CodingUserInfoKey+Context.swift in Sources */ = {isa = PBXBuildFile; fileRef = 4EE3893528368979006BCD80 /* CodingUserInfoKey+Context.swift */; };
		4EFF32BF28396D4200A49492 /* MovieDetails.swift in Sources */ = {isa = PBXBuildFile; fileRef = 4EFF32BE28396D4200A49492 /* MovieDetails.swift */; };
		4EFF411D284D387500545CD7 /* MovieDetailService.swift in Sources */ = {isa = PBXBuildFile; fileRef = 4EFF411C284D387500545CD7 /* MovieDetailService.swift */; };
/* End PBXBuildFile section */

/* Begin PBXContainerItemProxy section */
		4E2374BE2811C3B9000EB769 /* PBXContainerItemProxy */ = {
			isa = PBXContainerItemProxy;
			containerPortal = 4E2374A52811C3B7000EB769 /* Project object */;
			proxyType = 1;
			remoteGlobalIDString = 4E2374AC2811C3B7000EB769;
			remoteInfo = Flicks;
		};
		4E2374C82811C3B9000EB769 /* PBXContainerItemProxy */ = {
			isa = PBXContainerItemProxy;
			containerPortal = 4E2374A52811C3B7000EB769 /* Project object */;
			proxyType = 1;
			remoteGlobalIDString = 4E2374AC2811C3B7000EB769;
			remoteInfo = Flicks;
		};
/* End PBXContainerItemProxy section */

/* Begin PBXFileReference section */
		4E2374AD2811C3B7000EB769 /* Flicks.app */ = {isa = PBXFileReference; explicitFileType = wrapper.application; includeInIndex = 0; path = Flicks.app; sourceTree = BUILT_PRODUCTS_DIR; };
		4E2374B02811C3B7000EB769 /* FlicksApp.swift */ = {isa = PBXFileReference; lastKnownFileType = sourcecode.swift; path = FlicksApp.swift; sourceTree = "<group>"; };
		4E2374B22811C3B7000EB769 /* MovieListView.swift */ = {isa = PBXFileReference; lastKnownFileType = sourcecode.swift; path = MovieListView.swift; sourceTree = "<group>"; };
		4E2374B42811C3B9000EB769 /* Assets.xcassets */ = {isa = PBXFileReference; lastKnownFileType = folder.assetcatalog; path = Assets.xcassets; sourceTree = "<group>"; };
		4E2374B72811C3B9000EB769 /* Preview Assets.xcassets */ = {isa = PBXFileReference; lastKnownFileType = folder.assetcatalog; path = "Preview Assets.xcassets"; sourceTree = "<group>"; };
		4E2374BD2811C3B9000EB769 /* FlicksTests.xctest */ = {isa = PBXFileReference; explicitFileType = wrapper.cfbundle; includeInIndex = 0; path = FlicksTests.xctest; sourceTree = BUILT_PRODUCTS_DIR; };
		4E2374C12811C3B9000EB769 /* FlicksTests.swift */ = {isa = PBXFileReference; lastKnownFileType = sourcecode.swift; path = FlicksTests.swift; sourceTree = "<group>"; };
		4E2374C72811C3B9000EB769 /* FlicksUITests.xctest */ = {isa = PBXFileReference; explicitFileType = wrapper.cfbundle; includeInIndex = 0; path = FlicksUITests.xctest; sourceTree = BUILT_PRODUCTS_DIR; };
		4E2374CB2811C3B9000EB769 /* FlicksUITests.swift */ = {isa = PBXFileReference; lastKnownFileType = sourcecode.swift; path = FlicksUITests.swift; sourceTree = "<group>"; };
		4E2374CD2811C3B9000EB769 /* FlicksUITestsLaunchTests.swift */ = {isa = PBXFileReference; lastKnownFileType = sourcecode.swift; path = FlicksUITestsLaunchTests.swift; sourceTree = "<group>"; };
		4E2374DA2811C557000EB769 /* README.md */ = {isa = PBXFileReference; fileEncoding = 4; lastKnownFileType = net.daringfireball.markdown; path = README.md; sourceTree = "<group>"; };
		4E2374DD2811CE60000EB769 /* NetworkType.swift */ = {isa = PBXFileReference; lastKnownFileType = sourcecode.swift; path = NetworkType.swift; sourceTree = "<group>"; };
		4E2374DF2811CEAD000EB769 /* NetworkError.swift */ = {isa = PBXFileReference; lastKnownFileType = sourcecode.swift; path = NetworkError.swift; sourceTree = "<group>"; };
		4E2374E12811CF25000EB769 /* NetworkManager.swift */ = {isa = PBXFileReference; lastKnownFileType = sourcecode.swift; path = NetworkManager.swift; sourceTree = "<group>"; };
		4E55BB57284E3E1C00DC9340 /* MovieDetailsViewModel.swift */ = {isa = PBXFileReference; lastKnownFileType = sourcecode.swift; path = MovieDetailsViewModel.swift; sourceTree = "<group>"; };
		4E55BB59284E990600DC9340 /* MovieDetailsView.swift */ = {isa = PBXFileReference; lastKnownFileType = sourcecode.swift; path = MovieDetailsView.swift; sourceTree = "<group>"; };
		4E7C4E4B2836AEFB007C05BD /* Movie.swift */ = {isa = PBXFileReference; lastKnownFileType = sourcecode.swift; path = Movie.swift; sourceTree = "<group>"; };
		4E8655B6284F65BA00FF01DE /* MovieDetailsProtocol.swift */ = {isa = PBXFileReference; lastKnownFileType = sourcecode.swift; path = MovieDetailsProtocol.swift; sourceTree = "<group>"; };
		4E8655B8284F736400FF01DE /* MovieDetailsViewDestination.swift */ = {isa = PBXFileReference; lastKnownFileType = sourcecode.swift; path = MovieDetailsViewDestination.swift; sourceTree = "<group>"; };
		4E8DF81F2813D06900112F67 /* Endpoint.swift */ = {isa = PBXFileReference; lastKnownFileType = sourcecode.swift; path = Endpoint.swift; sourceTree = "<group>"; };
		4E8DF8212813D1FD00112F67 /* HTTPRequestMethod.swift */ = {isa = PBXFileReference; lastKnownFileType = sourcecode.swift; path = HTTPRequestMethod.swift; sourceTree = "<group>"; };
		4E93F1142816C63B00B6D05A /* MovieListProtocol .swift */ = {isa = PBXFileReference; lastKnownFileType = sourcecode.swift; path = "MovieListProtocol .swift"; sourceTree = "<group>"; };
		4E93F1162816C67200B6D05A /* MovieListService.swift */ = {isa = PBXFileReference; indentWidth = 5; lastKnownFileType = sourcecode.swift; path = MovieListService.swift; sourceTree = "<group>"; };
		4E93F1182816C95200B6D05A /* DataType.swift */ = {isa = PBXFileReference; lastKnownFileType = sourcecode.swift; path = DataType.swift; sourceTree = "<group>"; };
		4E93F11A281718BE00B6D05A /* MovieListViewModel.swift */ = {isa = PBXFileReference; lastKnownFileType = sourcecode.swift; path = MovieListViewModel.swift; sourceTree = "<group>"; };
		4E93F11C28172A0A00B6D05A /* PersistenceController.swift */ = {isa = PBXFileReference; lastKnownFileType = sourcecode.swift; path = PersistenceController.swift; sourceTree = "<group>"; };
		4E93F11F28172C1C00B6D05A /* MoviesModel_DB.xcdatamodel */ = {isa = PBXFileReference; lastKnownFileType = wrapper.xcdatamodel; path = MoviesModel_DB.xcdatamodel; sourceTree = "<group>"; };
		4EA728412832B51A0037302C /* Movies.swift */ = {isa = PBXFileReference; lastKnownFileType = sourcecode.swift; path = Movies.swift; sourceTree = "<group>"; };
		4EB1ABA9284CF84500010485 /* OfflineBarView.swift */ = {isa = PBXFileReference; lastKnownFileType = sourcecode.swift; path = OfflineBarView.swift; sourceTree = "<group>"; };
		4EB1ABAB284CFA6500010485 /* MovieView.swift */ = {isa = PBXFileReference; lastKnownFileType = sourcecode.swift; path = MovieView.swift; sourceTree = "<group>"; };
		4EB1ABAD284CFE7A00010485 /* ImageLoader.swift */ = {isa = PBXFileReference; lastKnownFileType = sourcecode.swift; path = ImageLoader.swift; sourceTree = "<group>"; };
		4EB1ABAF284D00B000010485 /* ImageProvider.swift */ = {isa = PBXFileReference; lastKnownFileType = sourcecode.swift; path = ImageProvider.swift; sourceTree = "<group>"; };
		4EC526DE285487C3006DA250 /* FilterTabView.swift */ = {isa = PBXFileReference; lastKnownFileType = sourcecode.swift; path = FilterTabView.swift; sourceTree = "<group>"; };
		4EC526E02854888D006DA250 /* FilterTabItem.swift */ = {isa = PBXFileReference; lastKnownFileType = sourcecode.swift; path = FilterTabItem.swift; sourceTree = "<group>"; };
		4EC526E228548B55006DA250 /* FontExtension.swift */ = {isa = PBXFileReference; lastKnownFileType = sourcecode.swift; path = FontExtension.swift; sourceTree = "<group>"; };
		4ED18B902813E200007690E6 /* URLRequest+init..swift */ = {isa = PBXFileReference; lastKnownFileType = sourcecode.swift; path = "URLRequest+init..swift"; sourceTree = "<group>"; };
		4ED18B932813E258007690E6 /* Constants.swift */ = {isa = PBXFileReference; lastKnownFileType = sourcecode.swift; path = Constants.swift; sourceTree = "<group>"; };
		4EE3893528368979006BCD80 /* CodingUserInfoKey+Context.swift */ = {isa = PBXFileReference; lastKnownFileType = sourcecode.swift; path = "CodingUserInfoKey+Context.swift"; sourceTree = "<group>"; };
		4EFF32BE28396D4200A49492 /* MovieDetails.swift */ = {isa = PBXFileReference; lastKnownFileType = sourcecode.swift; path = MovieDetails.swift; sourceTree = "<group>"; };
		4EFF411C284D387500545CD7 /* MovieDetailService.swift */ = {isa = PBXFileReference; lastKnownFileType = sourcecode.swift; path = MovieDetailService.swift; sourceTree = "<group>"; };
/* End PBXFileReference section */

/* Begin PBXFrameworksBuildPhase section */
		4E2374AA2811C3B7000EB769 /* Frameworks */ = {
			isa = PBXFrameworksBuildPhase;
			buildActionMask = 2147483647;
			files = (
			);
			runOnlyForDeploymentPostprocessing = 0;
		};
		4E2374BA2811C3B9000EB769 /* Frameworks */ = {
			isa = PBXFrameworksBuildPhase;
			buildActionMask = 2147483647;
			files = (
			);
			runOnlyForDeploymentPostprocessing = 0;
		};
		4E2374C42811C3B9000EB769 /* Frameworks */ = {
			isa = PBXFrameworksBuildPhase;
			buildActionMask = 2147483647;
			files = (
			);
			runOnlyForDeploymentPostprocessing = 0;
		};
/* End PBXFrameworksBuildPhase section */

/* Begin PBXGroup section */
		4E2374A42811C3B7000EB769 = {
			isa = PBXGroup;
			children = (
				4E2374DA2811C557000EB769 /* README.md */,
				4E2374AF2811C3B7000EB769 /* Flicks */,
				4E2374C02811C3B9000EB769 /* FlicksTests */,
				4E2374CA2811C3B9000EB769 /* FlicksUITests */,
				4E2374AE2811C3B7000EB769 /* Products */,
			);
			sourceTree = "<group>";
		};
		4E2374AE2811C3B7000EB769 /* Products */ = {
			isa = PBXGroup;
			children = (
				4E2374AD2811C3B7000EB769 /* Flicks.app */,
				4E2374BD2811C3B9000EB769 /* FlicksTests.xctest */,
				4E2374C72811C3B9000EB769 /* FlicksUITests.xctest */,
			);
			name = Products;
			sourceTree = "<group>";
		};
		4E2374AF2811C3B7000EB769 /* Flicks */ = {
			isa = PBXGroup;
			children = (
				4ED18B9628145A0B007690E6 /* core */,
				4E93F1122816C49F00B6D05A /* services */,
				4E2374DC2811CB80000EB769 /* network */,
				4ED18B922813E238007690E6 /* utils */,
				4E8DF8242813D39D00112F67 /* database */,
				4E2374E3281274EA000EB769 /* models */,
				4E2374B02811C3B7000EB769 /* FlicksApp.swift */,
				4E2374B42811C3B9000EB769 /* Assets.xcassets */,
				4E2374B62811C3B9000EB769 /* Preview Content */,
			);
			path = Flicks;
			sourceTree = "<group>";
		};
		4E2374B62811C3B9000EB769 /* Preview Content */ = {
			isa = PBXGroup;
			children = (
				4E2374B72811C3B9000EB769 /* Preview Assets.xcassets */,
			);
			path = "Preview Content";
			sourceTree = "<group>";
		};
		4E2374C02811C3B9000EB769 /* FlicksTests */ = {
			isa = PBXGroup;
			children = (
				4EFAF1962857D10E002957A0 /* movieList */,
				4E2374C12811C3B9000EB769 /* FlicksTests.swift */,
			);
			path = FlicksTests;
			sourceTree = "<group>";
		};
		4E2374CA2811C3B9000EB769 /* FlicksUITests */ = {
			isa = PBXGroup;
			children = (
				4E2374CB2811C3B9000EB769 /* FlicksUITests.swift */,
				4E2374CD2811C3B9000EB769 /* FlicksUITestsLaunchTests.swift */,
			);
			path = FlicksUITests;
			sourceTree = "<group>";
		};
		4E2374DC2811CB80000EB769 /* network */ = {
			isa = PBXGroup;
			children = (
				4ED18B952813E54A007690E6 /* endpoints */,
				4E2374E4281279DD000EB769 /* imageLoaderUtils */,
				4E2374DD2811CE60000EB769 /* NetworkType.swift */,
				4E2374DF2811CEAD000EB769 /* NetworkError.swift */,
				4E2374E12811CF25000EB769 /* NetworkManager.swift */,
			);
			path = network;
			sourceTree = "<group>";
		};
		4E2374E3281274EA000EB769 /* models */ = {
			isa = PBXGroup;
			children = (
				4EA728412832B51A0037302C /* Movies.swift */,
				4E7C4E4B2836AEFB007C05BD /* Movie.swift */,
				4EFF32BE28396D4200A49492 /* MovieDetails.swift */,
			);
			path = models;
			sourceTree = "<group>";
		};
		4E2374E4281279DD000EB769 /* imageLoaderUtils */ = {
			isa = PBXGroup;
			children = (
				4EB1ABAD284CFE7A00010485 /* ImageLoader.swift */,
				4EB1ABAF284D00B000010485 /* ImageProvider.swift */,
			);
			path = imageLoaderUtils;
			sourceTree = "<group>";
		};
		4E8DF8242813D39D00112F67 /* database */ = {
			isa = PBXGroup;
			children = (
				4E93F11C28172A0A00B6D05A /* PersistenceController.swift */,
				4E93F11E28172C1C00B6D05A /* MoviesModel_DB.xcdatamodeld */,
			);
			path = database;
			sourceTree = "<group>";
		};
		4E93F1122816C49F00B6D05A /* services */ = {
			isa = PBXGroup;
			children = (
				4EFF4119284D355900545CD7 /* movieDetailServices */,
				4E93F1132816C62400B6D05A /* movielistServices */,
				4E93F1182816C95200B6D05A /* DataType.swift */,
			);
			path = services;
			sourceTree = "<group>";
		};
		4E93F1132816C62400B6D05A /* movielistServices */ = {
			isa = PBXGroup;
			children = (
				4E93F1162816C67200B6D05A /* MovieListService.swift */,
				4E93F1142816C63B00B6D05A /* MovieListProtocol .swift */,
			);
			path = movielistServices;
			sourceTree = "<group>";
		};
		4EC526DD28547B8F006DA250 /* filters */ = {
			isa = PBXGroup;
			children = (
				4EC526DE285487C3006DA250 /* FilterTabView.swift */,
				4EC526E02854888D006DA250 /* FilterTabItem.swift */,
			);
			path = filters;
			sourceTree = "<group>";
		};
		4ED18B922813E238007690E6 /* utils */ = {
			isa = PBXGroup;
			children = (
				4EE3893528368979006BCD80 /* CodingUserInfoKey+Context.swift */,
				4EB1ABA9284CF84500010485 /* OfflineBarView.swift */,
				4EC526E228548B55006DA250 /* FontExtension.swift */,
			);
			path = utils;
			sourceTree = "<group>";
		};
		4ED18B952813E54A007690E6 /* endpoints */ = {
			isa = PBXGroup;
			children = (
				4ED18B932813E258007690E6 /* Constants.swift */,
				4E8DF8212813D1FD00112F67 /* HTTPRequestMethod.swift */,
				4ED18B902813E200007690E6 /* URLRequest+init..swift */,
				4E8DF81F2813D06900112F67 /* Endpoint.swift */,
			);
			path = endpoints;
			sourceTree = "<group>";
		};
		4ED18B9628145A0B007690E6 /* core */ = {
			isa = PBXGroup;
			children = (
				4ED18B9728145A96007690E6 /* movies */,
				4ED18B9828145A9D007690E6 /* movieDetails */,
				4EC526DD28547B8F006DA250 /* filters */,
			);
			path = core;
			sourceTree = "<group>";
		};
		4ED18B9728145A96007690E6 /* movies */ = {
			isa = PBXGroup;
			children = (
				4E2374B22811C3B7000EB769 /* MovieListView.swift */,
				4E93F11A281718BE00B6D05A /* MovieListViewModel.swift */,
				4EB1ABAB284CFA6500010485 /* MovieView.swift */,
			);
			path = movies;
			sourceTree = "<group>";
		};
		4ED18B9828145A9D007690E6 /* movieDetails */ = {
			isa = PBXGroup;
			children = (
				4E55BB57284E3E1C00DC9340 /* MovieDetailsViewModel.swift */,
				4E55BB59284E990600DC9340 /* MovieDetailsView.swift */,
				4E8655B8284F736400FF01DE /* MovieDetailsViewDestination.swift */,
			);
			path = movieDetails;
			sourceTree = "<group>";
		};
		4EFAF1962857D10E002957A0 /* movieList */ = {
			isa = PBXGroup;
			children = (
			);
			path = movieList;
			sourceTree = "<group>";
		};
		4EFF4119284D355900545CD7 /* movieDetailServices */ = {
			isa = PBXGroup;
			children = (
				4EFF411C284D387500545CD7 /* MovieDetailService.swift */,
				4E8655B6284F65BA00FF01DE /* MovieDetailsProtocol.swift */,
			);
			path = movieDetailServices;
			sourceTree = "<group>";
		};
/* End PBXGroup section */

/* Begin PBXNativeTarget section */
		4E2374AC2811C3B7000EB769 /* Flicks */ = {
			isa = PBXNativeTarget;
			buildConfigurationList = 4E2374D12811C3B9000EB769 /* Build configuration list for PBXNativeTarget "Flicks" */;
			buildPhases = (
				4E2374A92811C3B7000EB769 /* Sources */,
				4E2374AA2811C3B7000EB769 /* Frameworks */,
				4E2374AB2811C3B7000EB769 /* Resources */,
			);
			buildRules = (
			);
			dependencies = (
			);
			name = Flicks;
			productName = Flicks;
			productReference = 4E2374AD2811C3B7000EB769 /* Flicks.app */;
			productType = "com.apple.product-type.application";
		};
		4E2374BC2811C3B9000EB769 /* FlicksTests */ = {
			isa = PBXNativeTarget;
			buildConfigurationList = 4E2374D42811C3B9000EB769 /* Build configuration list for PBXNativeTarget "FlicksTests" */;
			buildPhases = (
				4E2374B92811C3B9000EB769 /* Sources */,
				4E2374BA2811C3B9000EB769 /* Frameworks */,
				4E2374BB2811C3B9000EB769 /* Resources */,
			);
			buildRules = (
			);
			dependencies = (
				4E2374BF2811C3B9000EB769 /* PBXTargetDependency */,
			);
			name = FlicksTests;
			productName = FlicksTests;
			productReference = 4E2374BD2811C3B9000EB769 /* FlicksTests.xctest */;
			productType = "com.apple.product-type.bundle.unit-test";
		};
		4E2374C62811C3B9000EB769 /* FlicksUITests */ = {
			isa = PBXNativeTarget;
			buildConfigurationList = 4E2374D72811C3B9000EB769 /* Build configuration list for PBXNativeTarget "FlicksUITests" */;
			buildPhases = (
				4E2374C32811C3B9000EB769 /* Sources */,
				4E2374C42811C3B9000EB769 /* Frameworks */,
				4E2374C52811C3B9000EB769 /* Resources */,
			);
			buildRules = (
			);
			dependencies = (
				4E2374C92811C3B9000EB769 /* PBXTargetDependency */,
			);
			name = FlicksUITests;
			productName = FlicksUITests;
			productReference = 4E2374C72811C3B9000EB769 /* FlicksUITests.xctest */;
			productType = "com.apple.product-type.bundle.ui-testing";
		};
/* End PBXNativeTarget section */

/* Begin PBXProject section */
		4E2374A52811C3B7000EB769 /* Project object */ = {
			isa = PBXProject;
			attributes = {
				BuildIndependentTargetsInParallel = 1;
				LastSwiftUpdateCheck = 1320;
				LastUpgradeCheck = 1320;
				TargetAttributes = {
					4E2374AC2811C3B7000EB769 = {
						CreatedOnToolsVersion = 13.2.1;
					};
					4E2374BC2811C3B9000EB769 = {
						CreatedOnToolsVersion = 13.2.1;
						TestTargetID = 4E2374AC2811C3B7000EB769;
					};
					4E2374C62811C3B9000EB769 = {
						CreatedOnToolsVersion = 13.2.1;
						TestTargetID = 4E2374AC2811C3B7000EB769;
					};
				};
			};
			buildConfigurationList = 4E2374A82811C3B7000EB769 /* Build configuration list for PBXProject "Flicks" */;
			compatibilityVersion = "Xcode 13.0";
			developmentRegion = en;
			hasScannedForEncodings = 0;
			knownRegions = (
				en,
				Base,
			);
			mainGroup = 4E2374A42811C3B7000EB769;
			productRefGroup = 4E2374AE2811C3B7000EB769 /* Products */;
			projectDirPath = "";
			projectRoot = "";
			targets = (
				4E2374AC2811C3B7000EB769 /* Flicks */,
				4E2374BC2811C3B9000EB769 /* FlicksTests */,
				4E2374C62811C3B9000EB769 /* FlicksUITests */,
			);
		};
/* End PBXProject section */

/* Begin PBXResourcesBuildPhase section */
		4E2374AB2811C3B7000EB769 /* Resources */ = {
			isa = PBXResourcesBuildPhase;
			buildActionMask = 2147483647;
			files = (
				4E2374B82811C3B9000EB769 /* Preview Assets.xcassets in Resources */,
				4E2374B52811C3B9000EB769 /* Assets.xcassets in Resources */,
			);
			runOnlyForDeploymentPostprocessing = 0;
		};
		4E2374BB2811C3B9000EB769 /* Resources */ = {
			isa = PBXResourcesBuildPhase;
			buildActionMask = 2147483647;
			files = (
			);
			runOnlyForDeploymentPostprocessing = 0;
		};
		4E2374C52811C3B9000EB769 /* Resources */ = {
			isa = PBXResourcesBuildPhase;
			buildActionMask = 2147483647;
			files = (
				4E2374DB2811C557000EB769 /* README.md in Resources */,
			);
			runOnlyForDeploymentPostprocessing = 0;
		};
/* End PBXResourcesBuildPhase section */

/* Begin PBXSourcesBuildPhase section */
		4E2374A92811C3B7000EB769 /* Sources */ = {
			isa = PBXSourcesBuildPhase;
			buildActionMask = 2147483647;
			files = (
				4E2374E22811CF25000EB769 /* NetworkManager.swift in Sources */,
				4E93F11D28172A0A00B6D05A /* PersistenceController.swift in Sources */,
				4EC526DF285487C3006DA250 /* FilterTabView.swift in Sources */,
				4E7C4E4C2836AEFB007C05BD /* Movie.swift in Sources */,
				4E93F12028172C1C00B6D05A /* MoviesModel_DB.xcdatamodeld in Sources */,
				4E93F1192816C95200B6D05A /* DataType.swift in Sources */,
				4E2374DE2811CE60000EB769 /* NetworkType.swift in Sources */,
				4EB1ABAA284CF84500010485 /* OfflineBarView.swift in Sources */,
				4ED18B912813E200007690E6 /* URLRequest+init..swift in Sources */,
				4EC526E328548B55006DA250 /* FontExtension.swift in Sources */,
				4E2374E02811CEAD000EB769 /* NetworkError.swift in Sources */,
				4E8655B9284F736400FF01DE /* MovieDetailsViewDestination.swift in Sources */,
				4E93F11B281718BE00B6D05A /* MovieListViewModel.swift in Sources */,
				4E2374B32811C3B7000EB769 /* MovieListView.swift in Sources */,
				4E8DF8202813D06900112F67 /* Endpoint.swift in Sources */,
				4EC526E12854888D006DA250 /* FilterTabItem.swift in Sources */,
				4EA728422832B51A0037302C /* Movies.swift in Sources */,
				4EB1ABB0284D00B000010485 /* ImageProvider.swift in Sources */,
				4E2374B12811C3B7000EB769 /* FlicksApp.swift in Sources */,
				4E8DF8222813D1FD00112F67 /* HTTPRequestMethod.swift in Sources */,
				4ED18B942813E258007690E6 /* Constants.swift in Sources */,
				4EB1ABAE284CFE7A00010485 /* ImageLoader.swift in Sources */,
				4E55BB58284E3E1C00DC9340 /* MovieDetailsViewModel.swift in Sources */,
				4EFF411D284D387500545CD7 /* MovieDetailService.swift in Sources */,
				4EB1ABAC284CFA6500010485 /* MovieView.swift in Sources */,
				4E93F1152816C63B00B6D05A /* MovieListProtocol .swift in Sources */,
				4E93F1172816C67200B6D05A /* MovieListService.swift in Sources */,
				4E55BB5A284E990600DC9340 /* MovieDetailsView.swift in Sources */,
				4EFF32BF28396D4200A49492 /* MovieDetails.swift in Sources */,
				4EE3893628368979006BCD80 /* CodingUserInfoKey+Context.swift in Sources */,
				4E8655B7284F65BA00FF01DE /* MovieDetailsProtocol.swift in Sources */,
			);
			runOnlyForDeploymentPostprocessing = 0;
		};
		4E2374B92811C3B9000EB769 /* Sources */ = {
			isa = PBXSourcesBuildPhase;
			buildActionMask = 2147483647;
			files = (
				4E2374C22811C3B9000EB769 /* FlicksTests.swift in Sources */,
			);
			runOnlyForDeploymentPostprocessing = 0;
		};
		4E2374C32811C3B9000EB769 /* Sources */ = {
			isa = PBXSourcesBuildPhase;
			buildActionMask = 2147483647;
			files = (
				4E2374CE2811C3B9000EB769 /* FlicksUITestsLaunchTests.swift in Sources */,
				4E2374CC2811C3B9000EB769 /* FlicksUITests.swift in Sources */,
			);
			runOnlyForDeploymentPostprocessing = 0;
		};
/* End PBXSourcesBuildPhase section */

/* Begin PBXTargetDependency section */
		4E2374BF2811C3B9000EB769 /* PBXTargetDependency */ = {
			isa = PBXTargetDependency;
			target = 4E2374AC2811C3B7000EB769 /* Flicks */;
			targetProxy = 4E2374BE2811C3B9000EB769 /* PBXContainerItemProxy */;
		};
		4E2374C92811C3B9000EB769 /* PBXTargetDependency */ = {
			isa = PBXTargetDependency;
			target = 4E2374AC2811C3B7000EB769 /* Flicks */;
			targetProxy = 4E2374C82811C3B9000EB769 /* PBXContainerItemProxy */;
		};
/* End PBXTargetDependency section */

/* Begin XCBuildConfiguration section */
		4E2374CF2811C3B9000EB769 /* Debug */ = {
			isa = XCBuildConfiguration;
			buildSettings = {
				ALWAYS_SEARCH_USER_PATHS = NO;
				CLANG_ANALYZER_NONNULL = YES;
				CLANG_ANALYZER_NUMBER_OBJECT_CONVERSION = YES_AGGRESSIVE;
				CLANG_CXX_LANGUAGE_STANDARD = "gnu++17";
				CLANG_CXX_LIBRARY = "libc++";
				CLANG_ENABLE_MODULES = YES;
				CLANG_ENABLE_OBJC_ARC = YES;
				CLANG_ENABLE_OBJC_WEAK = YES;
				CLANG_WARN_BLOCK_CAPTURE_AUTORELEASING = YES;
				CLANG_WARN_BOOL_CONVERSION = YES;
				CLANG_WARN_COMMA = YES;
				CLANG_WARN_CONSTANT_CONVERSION = YES;
				CLANG_WARN_DEPRECATED_OBJC_IMPLEMENTATIONS = YES;
				CLANG_WARN_DIRECT_OBJC_ISA_USAGE = YES_ERROR;
				CLANG_WARN_DOCUMENTATION_COMMENTS = YES;
				CLANG_WARN_EMPTY_BODY = YES;
				CLANG_WARN_ENUM_CONVERSION = YES;
				CLANG_WARN_INFINITE_RECURSION = YES;
				CLANG_WARN_INT_CONVERSION = YES;
				CLANG_WARN_NON_LITERAL_NULL_CONVERSION = YES;
				CLANG_WARN_OBJC_IMPLICIT_RETAIN_SELF = YES;
				CLANG_WARN_OBJC_LITERAL_CONVERSION = YES;
				CLANG_WARN_OBJC_ROOT_CLASS = YES_ERROR;
				CLANG_WARN_QUOTED_INCLUDE_IN_FRAMEWORK_HEADER = YES;
				CLANG_WARN_RANGE_LOOP_ANALYSIS = YES;
				CLANG_WARN_STRICT_PROTOTYPES = YES;
				CLANG_WARN_SUSPICIOUS_MOVE = YES;
				CLANG_WARN_UNGUARDED_AVAILABILITY = YES_AGGRESSIVE;
				CLANG_WARN_UNREACHABLE_CODE = YES;
				CLANG_WARN__DUPLICATE_METHOD_MATCH = YES;
				COPY_PHASE_STRIP = NO;
				DEBUG_INFORMATION_FORMAT = dwarf;
				ENABLE_STRICT_OBJC_MSGSEND = YES;
				ENABLE_TESTABILITY = YES;
				GCC_C_LANGUAGE_STANDARD = gnu11;
				GCC_DYNAMIC_NO_PIC = NO;
				GCC_NO_COMMON_BLOCKS = YES;
				GCC_OPTIMIZATION_LEVEL = 0;
				GCC_PREPROCESSOR_DEFINITIONS = (
					"DEBUG=1",
					"$(inherited)",
				);
				GCC_WARN_64_TO_32_BIT_CONVERSION = YES;
				GCC_WARN_ABOUT_RETURN_TYPE = YES_ERROR;
				GCC_WARN_UNDECLARED_SELECTOR = YES;
				GCC_WARN_UNINITIALIZED_AUTOS = YES_AGGRESSIVE;
				GCC_WARN_UNUSED_FUNCTION = YES;
				GCC_WARN_UNUSED_VARIABLE = YES;
				IPHONEOS_DEPLOYMENT_TARGET = 15.2;
				MTL_ENABLE_DEBUG_INFO = INCLUDE_SOURCE;
				MTL_FAST_MATH = YES;
				ONLY_ACTIVE_ARCH = YES;
				SDKROOT = iphoneos;
				SWIFT_ACTIVE_COMPILATION_CONDITIONS = DEBUG;
				SWIFT_OPTIMIZATION_LEVEL = "-Onone";
			};
			name = Debug;
		};
		4E2374D02811C3B9000EB769 /* Release */ = {
			isa = XCBuildConfiguration;
			buildSettings = {
				ALWAYS_SEARCH_USER_PATHS = NO;
				CLANG_ANALYZER_NONNULL = YES;
				CLANG_ANALYZER_NUMBER_OBJECT_CONVERSION = YES_AGGRESSIVE;
				CLANG_CXX_LANGUAGE_STANDARD = "gnu++17";
				CLANG_CXX_LIBRARY = "libc++";
				CLANG_ENABLE_MODULES = YES;
				CLANG_ENABLE_OBJC_ARC = YES;
				CLANG_ENABLE_OBJC_WEAK = YES;
				CLANG_WARN_BLOCK_CAPTURE_AUTORELEASING = YES;
				CLANG_WARN_BOOL_CONVERSION = YES;
				CLANG_WARN_COMMA = YES;
				CLANG_WARN_CONSTANT_CONVERSION = YES;
				CLANG_WARN_DEPRECATED_OBJC_IMPLEMENTATIONS = YES;
				CLANG_WARN_DIRECT_OBJC_ISA_USAGE = YES_ERROR;
				CLANG_WARN_DOCUMENTATION_COMMENTS = YES;
				CLANG_WARN_EMPTY_BODY = YES;
				CLANG_WARN_ENUM_CONVERSION = YES;
				CLANG_WARN_INFINITE_RECURSION = YES;
				CLANG_WARN_INT_CONVERSION = YES;
				CLANG_WARN_NON_LITERAL_NULL_CONVERSION = YES;
				CLANG_WARN_OBJC_IMPLICIT_RETAIN_SELF = YES;
				CLANG_WARN_OBJC_LITERAL_CONVERSION = YES;
				CLANG_WARN_OBJC_ROOT_CLASS = YES_ERROR;
				CLANG_WARN_QUOTED_INCLUDE_IN_FRAMEWORK_HEADER = YES;
				CLANG_WARN_RANGE_LOOP_ANALYSIS = YES;
				CLANG_WARN_STRICT_PROTOTYPES = YES;
				CLANG_WARN_SUSPICIOUS_MOVE = YES;
				CLANG_WARN_UNGUARDED_AVAILABILITY = YES_AGGRESSIVE;
				CLANG_WARN_UNREACHABLE_CODE = YES;
				CLANG_WARN__DUPLICATE_METHOD_MATCH = YES;
				COPY_PHASE_STRIP = NO;
				DEBUG_INFORMATION_FORMAT = "dwarf-with-dsym";
				ENABLE_NS_ASSERTIONS = NO;
				ENABLE_STRICT_OBJC_MSGSEND = YES;
				GCC_C_LANGUAGE_STANDARD = gnu11;
				GCC_NO_COMMON_BLOCKS = YES;
				GCC_WARN_64_TO_32_BIT_CONVERSION = YES;
				GCC_WARN_ABOUT_RETURN_TYPE = YES_ERROR;
				GCC_WARN_UNDECLARED_SELECTOR = YES;
				GCC_WARN_UNINITIALIZED_AUTOS = YES_AGGRESSIVE;
				GCC_WARN_UNUSED_FUNCTION = YES;
				GCC_WARN_UNUSED_VARIABLE = YES;
				IPHONEOS_DEPLOYMENT_TARGET = 15.2;
				MTL_ENABLE_DEBUG_INFO = NO;
				MTL_FAST_MATH = YES;
				SDKROOT = iphoneos;
				SWIFT_COMPILATION_MODE = wholemodule;
				SWIFT_OPTIMIZATION_LEVEL = "-O";
				VALIDATE_PRODUCT = YES;
			};
			name = Release;
		};
		4E2374D22811C3B9000EB769 /* Debug */ = {
			isa = XCBuildConfiguration;
			buildSettings = {
				ASSETCATALOG_COMPILER_APPICON_NAME = AppIcon;
				ASSETCATALOG_COMPILER_GLOBAL_ACCENT_COLOR_NAME = AccentColor;
				CODE_SIGN_STYLE = Automatic;
				CURRENT_PROJECT_VERSION = 1;
				DEVELOPMENT_ASSET_PATHS = "\"Flicks/Preview Content\"";
				DEVELOPMENT_TEAM = V7FHXQ47S9;
				ENABLE_PREVIEWS = YES;
				GENERATE_INFOPLIST_FILE = YES;
				INFOPLIST_KEY_UIApplicationSceneManifest_Generation = YES;
				INFOPLIST_KEY_UIApplicationSupportsIndirectInputEvents = YES;
				INFOPLIST_KEY_UILaunchScreen_Generation = YES;
				INFOPLIST_KEY_UISupportedInterfaceOrientations_iPad = "UIInterfaceOrientationPortrait UIInterfaceOrientationPortraitUpsideDown UIInterfaceOrientationLandscapeLeft UIInterfaceOrientationLandscapeRight";
				INFOPLIST_KEY_UISupportedInterfaceOrientations_iPhone = "UIInterfaceOrientationPortrait UIInterfaceOrientationLandscapeLeft UIInterfaceOrientationLandscapeRight";
				IPHONEOS_DEPLOYMENT_TARGET = 15.0;
				LD_RUNPATH_SEARCH_PATHS = (
					"$(inherited)",
					"@executable_path/Frameworks",
				);
				MARKETING_VERSION = 1.0;
				PRODUCT_BUNDLE_IDENTIFIER = Odin.Flicks;
				PRODUCT_NAME = "$(TARGET_NAME)";
				SWIFT_EMIT_LOC_STRINGS = YES;
				SWIFT_VERSION = 5.0;
				TARGETED_DEVICE_FAMILY = "1,2";
			};
			name = Debug;
		};
		4E2374D32811C3B9000EB769 /* Release */ = {
			isa = XCBuildConfiguration;
			buildSettings = {
				ASSETCATALOG_COMPILER_APPICON_NAME = AppIcon;
				ASSETCATALOG_COMPILER_GLOBAL_ACCENT_COLOR_NAME = AccentColor;
				CODE_SIGN_STYLE = Automatic;
				CURRENT_PROJECT_VERSION = 1;
				DEVELOPMENT_ASSET_PATHS = "\"Flicks/Preview Content\"";
				DEVELOPMENT_TEAM = V7FHXQ47S9;
				ENABLE_PREVIEWS = YES;
				GENERATE_INFOPLIST_FILE = YES;
				INFOPLIST_KEY_UIApplicationSceneManifest_Generation = YES;
				INFOPLIST_KEY_UIApplicationSupportsIndirectInputEvents = YES;
				INFOPLIST_KEY_UILaunchScreen_Generation = YES;
				INFOPLIST_KEY_UISupportedInterfaceOrientations_iPad = "UIInterfaceOrientationPortrait UIInterfaceOrientationPortraitUpsideDown UIInterfaceOrientationLandscapeLeft UIInterfaceOrientationLandscapeRight";
				INFOPLIST_KEY_UISupportedInterfaceOrientations_iPhone = "UIInterfaceOrientationPortrait UIInterfaceOrientationLandscapeLeft UIInterfaceOrientationLandscapeRight";
				IPHONEOS_DEPLOYMENT_TARGET = 15.0;
				LD_RUNPATH_SEARCH_PATHS = (
					"$(inherited)",
					"@executable_path/Frameworks",
				);
				MARKETING_VERSION = 1.0;
				PRODUCT_BUNDLE_IDENTIFIER = Odin.Flicks;
				PRODUCT_NAME = "$(TARGET_NAME)";
				SWIFT_EMIT_LOC_STRINGS = YES;
				SWIFT_VERSION = 5.0;
				TARGETED_DEVICE_FAMILY = "1,2";
			};
			name = Release;
		};
		4E2374D52811C3B9000EB769 /* Debug */ = {
			isa = XCBuildConfiguration;
			buildSettings = {
				ALWAYS_EMBED_SWIFT_STANDARD_LIBRARIES = YES;
				BUNDLE_LOADER = "$(TEST_HOST)";
				CODE_SIGN_STYLE = Automatic;
				CURRENT_PROJECT_VERSION = 1;
				DEVELOPMENT_TEAM = V7FHXQ47S9;
				GENERATE_INFOPLIST_FILE = YES;
				IPHONEOS_DEPLOYMENT_TARGET = 15.2;
				MARKETING_VERSION = 1.0;
				PRODUCT_BUNDLE_IDENTIFIER = Odin.FlicksTests;
				PRODUCT_NAME = "$(TARGET_NAME)";
				SWIFT_EMIT_LOC_STRINGS = NO;
				SWIFT_VERSION = 5.0;
				TARGETED_DEVICE_FAMILY = "1,2";
				TEST_HOST = "$(BUILT_PRODUCTS_DIR)/Flicks.app/Flicks";
			};
			name = Debug;
		};
		4E2374D62811C3B9000EB769 /* Release */ = {
			isa = XCBuildConfiguration;
			buildSettings = {
				ALWAYS_EMBED_SWIFT_STANDARD_LIBRARIES = YES;
				BUNDLE_LOADER = "$(TEST_HOST)";
				CODE_SIGN_STYLE = Automatic;
				CURRENT_PROJECT_VERSION = 1;
				DEVELOPMENT_TEAM = V7FHXQ47S9;
				GENERATE_INFOPLIST_FILE = YES;
				IPHONEOS_DEPLOYMENT_TARGET = 15.2;
				MARKETING_VERSION = 1.0;
				PRODUCT_BUNDLE_IDENTIFIER = Odin.FlicksTests;
				PRODUCT_NAME = "$(TARGET_NAME)";
				SWIFT_EMIT_LOC_STRINGS = NO;
				SWIFT_VERSION = 5.0;
				TARGETED_DEVICE_FAMILY = "1,2";
				TEST_HOST = "$(BUILT_PRODUCTS_DIR)/Flicks.app/Flicks";
			};
			name = Release;
		};
		4E2374D82811C3B9000EB769 /* Debug */ = {
			isa = XCBuildConfiguration;
			buildSettings = {
				ALWAYS_EMBED_SWIFT_STANDARD_LIBRARIES = YES;
				CODE_SIGN_STYLE = Automatic;
				CURRENT_PROJECT_VERSION = 1;
				DEVELOPMENT_TEAM = V7FHXQ47S9;
				GENERATE_INFOPLIST_FILE = YES;
				MARKETING_VERSION = 1.0;
				PRODUCT_BUNDLE_IDENTIFIER = Odin.FlicksUITests;
				PRODUCT_NAME = "$(TARGET_NAME)";
				SWIFT_EMIT_LOC_STRINGS = NO;
				SWIFT_VERSION = 5.0;
				TARGETED_DEVICE_FAMILY = "1,2";
				TEST_TARGET_NAME = Flicks;
			};
			name = Debug;
		};
		4E2374D92811C3B9000EB769 /* Release */ = {
			isa = XCBuildConfiguration;
			buildSettings = {
				ALWAYS_EMBED_SWIFT_STANDARD_LIBRARIES = YES;
				CODE_SIGN_STYLE = Automatic;
				CURRENT_PROJECT_VERSION = 1;
				DEVELOPMENT_TEAM = V7FHXQ47S9;
				GENERATE_INFOPLIST_FILE = YES;
				MARKETING_VERSION = 1.0;
				PRODUCT_BUNDLE_IDENTIFIER = Odin.FlicksUITests;
				PRODUCT_NAME = "$(TARGET_NAME)";
				SWIFT_EMIT_LOC_STRINGS = NO;
				SWIFT_VERSION = 5.0;
				TARGETED_DEVICE_FAMILY = "1,2";
				TEST_TARGET_NAME = Flicks;
			};
			name = Release;
		};
/* End XCBuildConfiguration section */

/* Begin XCConfigurationList section */
		4E2374A82811C3B7000EB769 /* Build configuration list for PBXProject "Flicks" */ = {
			isa = XCConfigurationList;
			buildConfigurations = (
				4E2374CF2811C3B9000EB769 /* Debug */,
				4E2374D02811C3B9000EB769 /* Release */,
			);
			defaultConfigurationIsVisible = 0;
			defaultConfigurationName = Release;
		};
		4E2374D12811C3B9000EB769 /* Build configuration list for PBXNativeTarget "Flicks" */ = {
			isa = XCConfigurationList;
			buildConfigurations = (
				4E2374D22811C3B9000EB769 /* Debug */,
				4E2374D32811C3B9000EB769 /* Release */,
			);
			defaultConfigurationIsVisible = 0;
			defaultConfigurationName = Release;
		};
		4E2374D42811C3B9000EB769 /* Build configuration list for PBXNativeTarget "FlicksTests" */ = {
			isa = XCConfigurationList;
			buildConfigurations = (
				4E2374D52811C3B9000EB769 /* Debug */,
				4E2374D62811C3B9000EB769 /* Release */,
			);
			defaultConfigurationIsVisible = 0;
			defaultConfigurationName = Release;
		};
		4E2374D72811C3B9000EB769 /* Build configuration list for PBXNativeTarget "FlicksUITests" */ = {
			isa = XCConfigurationList;
			buildConfigurations = (
				4E2374D82811C3B9000EB769 /* Debug */,
				4E2374D92811C3B9000EB769 /* Release */,
			);
			defaultConfigurationIsVisible = 0;
			defaultConfigurationName = Release;
		};
/* End XCConfigurationList section */

/* Begin XCVersionGroup section */
		4E93F11E28172C1C00B6D05A /* MoviesModel_DB.xcdatamodeld */ = {
			isa = XCVersionGroup;
			children = (
				4E93F11F28172C1C00B6D05A /* MoviesModel_DB.xcdatamodel */,
			);
			currentVersion = 4E93F11F28172C1C00B6D05A /* MoviesModel_DB.xcdatamodel */;
			path = MoviesModel_DB.xcdatamodeld;
			sourceTree = "<group>";
			versionGroupType = wrapper.xcdatamodel;
		};
/* End XCVersionGroup section */
	};
	rootObject = 4E2374A52811C3B7000EB769 /* Project object */;
}
